
Microsoft Visual Studio Solution File, Format Version 12.00
# Visual Studio 14
VisualStudioVersion = 14.0.25420.1
MinimumVisualStudioVersion = 10.0.40219.1
Project("{2150E333-8FDC-42A3-9474-1A3956D46DE8}") = "src", "src", "{E45FE8D9-5B80-45EB-8279-F639E1EF86DD}"
EndProject
Project("{2150E333-8FDC-42A3-9474-1A3956D46DE8}") = "Solution Items", "Solution Items", "{C05E7395-B13D-43CA-B3B9-84C31EF949B0}"
	ProjectSection(SolutionItems) = preProject
		global.json = global.json
	EndProjectSection
EndProject
Project("{8BB2217D-0F2D-49D1-97BC-3654ED321F3B}") = "Licorne", "src\Licorne\Licorne.xproj", "{CCF91569-05E7-436F-BAF9-29F8937711B6}"
EndProject
Project("{8BB2217D-0F2D-49D1-97BC-3654ED321F3B}") = "Licorne.Sample", "src\Licorne.Sample\Licorne.Sample.xproj", "{8B5B6482-C2AB-4179-A1BB-E98675520036}"
EndProject
Global
	GlobalSection(SolutionConfigurationPlatforms) = preSolution
		Debug|Any CPU = Debug|Any CPU
		Release|Any CPU = Release|Any CPU
	EndGlobalSection
	GlobalSection(ProjectConfigurationPlatforms) = postSolution
		{CCF91569-05E7-436F-BAF9-29F8937711B6}.Debug|Any CPU.ActiveCfg = Debug|Any CPU
		{CCF91569-05E7-436F-BAF9-29F8937711B6}.Debug|Any CPU.Build.0 = Debug|Any CPU
		{CCF91569-05E7-436F-BAF9-29F8937711B6}.Release|Any CPU.ActiveCfg = Release|Any CPU
		{CCF91569-05E7-436F-BAF9-29F8937711B6}.Release|Any CPU.Build.0 = Release|Any CPU
		{8B5B6482-C2AB-4179-A1BB-E98675520036}.Debug|Any CPU.ActiveCfg = Debug|Any CPU
		{8B5B6482-C2AB-4179-A1BB-E98675520036}.Debug|Any CPU.Build.0 = Debug|Any CPU
		{8B5B6482-C2AB-4179-A1BB-E98675520036}.Release|Any CPU.ActiveCfg = Release|Any CPU
		{8B5B6482-C2AB-4179-A1BB-E98675520036}.Release|Any CPU.Build.0 = Release|Any CPU
	EndGlobalSection
	GlobalSection(SolutionProperties) = preSolution
		HideSolutionNode = FALSE
	EndGlobalSection
	GlobalSection(NestedProjects) = preSolution
		{CCF91569-05E7-436F-BAF9-29F8937711B6} = {E45FE8D9-5B80-45EB-8279-F639E1EF86DD}
		{8B5B6482-C2AB-4179-A1BB-E98675520036} = {E45FE8D9-5B80-45EB-8279-F639E1EF86DD}
	EndGlobalSection
EndGlobal
