
Microsoft Visual Studio Solution File, Format Version 12.00
# Visual Studio Version 16
VisualStudioVersion = 16.6.30114.105
MinimumVisualStudioVersion = 10.0.40219.1
Project("{2150E333-8FDC-42A3-9474-1A3956D46DE8}") = "src", "src", "{3E3AE331-9CE5-4B8A-A0C8-19DFFEC7D38E}"
EndProject
Project("{FAE04EC0-301F-11D3-BF4B-00C04F79EFBC}") = "Licorne", "src\Licorne\Licorne.csproj", "{DE70101C-82C1-44F2-A1BF-AF8721F3A5A7}"
EndProject
Project("{FAE04EC0-301F-11D3-BF4B-00C04F79EFBC}") = "App", "src\App\App.csproj", "{85407244-D71F-43F8-8088-2A0809FEF3C7}"
EndProject
Global
	GlobalSection(SolutionConfigurationPlatforms) = preSolution
		Debug|Any CPU = Debug|Any CPU
		Debug|x64 = Debug|x64
		Debug|x86 = Debug|x86
		Release|Any CPU = Release|Any CPU
		Release|x64 = Release|x64
		Release|x86 = Release|x86
	EndGlobalSection
	GlobalSection(SolutionProperties) = preSolution
		HideSolutionNode = FALSE
	EndGlobalSection
	GlobalSection(ProjectConfigurationPlatforms) = postSolution
		{DE70101C-82C1-44F2-A1BF-AF8721F3A5A7}.Debug|Any CPU.ActiveCfg = Debug|Any CPU
		{DE70101C-82C1-44F2-A1BF-AF8721F3A5A7}.Debug|Any CPU.Build.0 = Debug|Any CPU
		{DE70101C-82C1-44F2-A1BF-AF8721F3A5A7}.Debug|x64.ActiveCfg = Debug|Any CPU
		{DE70101C-82C1-44F2-A1BF-AF8721F3A5A7}.Debug|x64.Build.0 = Debug|Any CPU
		{DE70101C-82C1-44F2-A1BF-AF8721F3A5A7}.Debug|x86.ActiveCfg = Debug|Any CPU
		{DE70101C-82C1-44F2-A1BF-AF8721F3A5A7}.Debug|x86.Build.0 = Debug|Any CPU
		{DE70101C-82C1-44F2-A1BF-AF8721F3A5A7}.Release|Any CPU.ActiveCfg = Release|Any CPU
		{DE70101C-82C1-44F2-A1BF-AF8721F3A5A7}.Release|Any CPU.Build.0 = Release|Any CPU
		{DE70101C-82C1-44F2-A1BF-AF8721F3A5A7}.Release|x64.ActiveCfg = Release|Any CPU
		{DE70101C-82C1-44F2-A1BF-AF8721F3A5A7}.Release|x64.Build.0 = Release|Any CPU
		{DE70101C-82C1-44F2-A1BF-AF8721F3A5A7}.Release|x86.ActiveCfg = Release|Any CPU
		{DE70101C-82C1-44F2-A1BF-AF8721F3A5A7}.Release|x86.Build.0 = Release|Any CPU
		{85407244-D71F-43F8-8088-2A0809FEF3C7}.Debug|Any CPU.ActiveCfg = Debug|Any CPU
		{85407244-D71F-43F8-8088-2A0809FEF3C7}.Debug|Any CPU.Build.0 = Debug|Any CPU
		{85407244-D71F-43F8-8088-2A0809FEF3C7}.Debug|x64.ActiveCfg = Debug|Any CPU
		{85407244-D71F-43F8-8088-2A0809FEF3C7}.Debug|x64.Build.0 = Debug|Any CPU
		{85407244-D71F-43F8-8088-2A0809FEF3C7}.Debug|x86.ActiveCfg = Debug|Any CPU
		{85407244-D71F-43F8-8088-2A0809FEF3C7}.Debug|x86.Build.0 = Debug|Any CPU
		{85407244-D71F-43F8-8088-2A0809FEF3C7}.Release|Any CPU.ActiveCfg = Release|Any CPU
		{85407244-D71F-43F8-8088-2A0809FEF3C7}.Release|Any CPU.Build.0 = Release|Any CPU
		{85407244-D71F-43F8-8088-2A0809FEF3C7}.Release|x64.ActiveCfg = Release|Any CPU
		{85407244-D71F-43F8-8088-2A0809FEF3C7}.Release|x64.Build.0 = Release|Any CPU
		{85407244-D71F-43F8-8088-2A0809FEF3C7}.Release|x86.ActiveCfg = Release|Any CPU
		{85407244-D71F-43F8-8088-2A0809FEF3C7}.Release|x86.Build.0 = Release|Any CPU
	EndGlobalSection
	GlobalSection(NestedProjects) = preSolution
		{DE70101C-82C1-44F2-A1BF-AF8721F3A5A7} = {3E3AE331-9CE5-4B8A-A0C8-19DFFEC7D38E}
		{85407244-D71F-43F8-8088-2A0809FEF3C7} = {3E3AE331-9CE5-4B8A-A0C8-19DFFEC7D38E}
	EndGlobalSection
EndGlobal
